
Microsoft Visual Studio Solution File, Format Version 12.00
# Visual Studio Version 16
VisualStudioVersion = 16.0.29613.14
MinimumVisualStudioVersion = 10.0.40219.1
Project("{FAE04EC0-301F-11D3-BF4B-00C04F79EFBC}") = "IMC", "IMC\IMC.csproj", "{49869DB1-CBE6-4FF3-B5D0-EF4DE64A847D}"
EndProject
Global
	GlobalSection(SolutionConfigurationPlatforms) = preSolution
		Debug|Any CPU = Debug|Any CPU
		Release|Any CPU = Release|Any CPU
	EndGlobalSection
	GlobalSection(ProjectConfigurationPlatforms) = postSolution
		{49869DB1-CBE6-4FF3-B5D0-EF4DE64A847D}.Debug|Any CPU.ActiveCfg = Debug|Any CPU
		{49869DB1-CBE6-4FF3-B5D0-EF4DE64A847D}.Debug|Any CPU.Build.0 = Debug|Any CPU
		{49869DB1-CBE6-4FF3-B5D0-EF4DE64A847D}.Release|Any CPU.ActiveCfg = Release|Any CPU
		{49869DB1-CBE6-4FF3-B5D0-EF4DE64A847D}.Release|Any CPU.Build.0 = Release|Any CPU
	EndGlobalSection
	GlobalSection(SolutionProperties) = preSolution
		HideSolutionNode = FALSE
	EndGlobalSection
	GlobalSection(ExtensibilityGlobals) = postSolution
		SolutionGuid = {03FD6A28-D60D-4AA2-93A6-C48BCD09FDF0}
	EndGlobalSection
EndGlobal
